{
  "name": "@yodaos-jsar/types",
  "version": "{{version}}",
  "lockfileVersion": 3,
  "requires": true,
  "packages": {
    "": {
      "name": "@yodaos-jsar/types",
      "version": "{{version}}",
      "license": "Apache-2.0",
      "dependencies": {
        "@types/node": "^18.12.1",
        "babylonjs": "^6.10.0"
      }
    },
    "node_modules/@types/node": {
      "version": "18.19.3",
      "resolved": "https://registry.npmjs.org/@types/node/-/node-18.19.3.tgz",
      "integrity": "sha512-k5fggr14DwAytoA/t8rPrIz++lXK7/DqckthCmoZOKNsEbJkId4Z//BqgApXBUGrGddrigYa1oqheo/7YmW4rg==",
      "dependencies": {
        "undici-types": "~5.26.4"
      }
    },
    "node_modules/babylonjs": {
      "version": "6.33.2",
      "resolved": "https://registry.npmjs.org/babylonjs/-/babylonjs-6.33.2.tgz",
      "integrity": "sha512-cIZ1lEFPlgeZ7ziL3fsb5kaAQuwt+ZwqOMk3XztfRPZ1WaNt+MR8HmyvUMnKR2kKY9Uc2gduj3rhUMDq3n7xcA==",
      "hasInstallScript": true
    },
    "node_modules/undici-types": {
      "version": "5.26.5",
      "resolved": "https://registry.npmjs.org/undici-types/-/undici-types-5.26.5.tgz",
      "integrity": "sha512-JlCMO+ehdEIKqlFxk6IfVoAUVmgz7cU7zD/h9XZ0qzeosSHmUJVOzSQvvYSYWXkFXC+IfLKSIffhv0sVZup6pA=="
    }
  }
}
