{
  "name": "fixtures",
  "version": "1.0.0",
  "lockfileVersion": 3,
  "requires": true,
  "packages": {
    "": {
      "name": "fixtures",
      "version": "1.0.0",
      "license": "ISC",
      "dependencies": {
        "@yodaos-jsar/types": "file:../types"
      }
    },
    "../types": {
      "version": "0.3.0-alpha.20231214.1702538392039",
      "license": "Apache-2.0",
      "dependencies": {
        "@types/node": "^18.12.1",
        "babylonjs": "^6.10.0"
      }
    },
    "node_modules/@yodaos-jsar/types": {
      "resolved": "../types",
      "link": true
    }
  }
}
